
Microsoft Visual Studio Solution File, Format Version 12.00
# Visual Studio 15
VisualStudioVersion = 15.0.28010.2019
MinimumVisualStudioVersion = 10.0.40219.1
Project("{FAE04EC0-301F-11D3-BF4B-00C04F79EFBC}") = "rezystor", "rezystor\rezystor.csproj", "{F7ECB016-2429-4797-9F25-514D333BE948}"
EndProject
Global
	GlobalSection(SolutionConfigurationPlatforms) = preSolution
		Debug|Any CPU = Debug|Any CPU
		Release|Any CPU = Release|Any CPU
	EndGlobalSection
	GlobalSection(ProjectConfigurationPlatforms) = postSolution
		{F7ECB016-2429-4797-9F25-514D333BE948}.Debug|Any CPU.ActiveCfg = Debug|Any CPU
		{F7ECB016-2429-4797-9F25-514D333BE948}.Debug|Any CPU.Build.0 = Debug|Any CPU
		{F7ECB016-2429-4797-9F25-514D333BE948}.Release|Any CPU.ActiveCfg = Release|Any CPU
		{F7ECB016-2429-4797-9F25-514D333BE948}.Release|Any CPU.Build.0 = Release|Any CPU
	EndGlobalSection
	GlobalSection(SolutionProperties) = preSolution
		HideSolutionNode = FALSE
	EndGlobalSection
	GlobalSection(ExtensibilityGlobals) = postSolution
		SolutionGuid = {248BC417-CF49-4D89-A407-62D47F4D2C80}
	EndGlobalSection
EndGlobal
